// !$*UTF8*$!
{
	archiveVersion = 1;
	classes = {
	};
	objectVersion = 46;
	objects = {

/* Begin PBXBuildFile section */
		A7D27DD2CE4F11ABD87D5D64 /* Pods_ChallengeHealth.framework in Frameworks */ = {isa = PBXBuildFile; fileRef = 007A7E7652F5C10253E2FBED /* Pods_ChallengeHealth.framework */; };
		E14948BF1D35680E00BB8FB2 /* AppDelegate.swift in Sources */ = {isa = PBXBuildFile; fileRef = E14948BE1D35680E00BB8FB2 /* AppDelegate.swift */; };
		E14948C41D35680E00BB8FB2 /* Main.storyboard in Resources */ = {isa = PBXBuildFile; fileRef = E14948C21D35680E00BB8FB2 /* Main.storyboard */; };
		E14948C61D35680E00BB8FB2 /* Assets.xcassets in Resources */ = {isa = PBXBuildFile; fileRef = E14948C51D35680E00BB8FB2 /* Assets.xcassets */; };
		E14948C91D35680E00BB8FB2 /* LaunchScreen.storyboard in Resources */ = {isa = PBXBuildFile; fileRef = E14948C71D35680E00BB8FB2 /* LaunchScreen.storyboard */; };
		E14948D31D35684500BB8FB2 /* GoogleService-Info.plist in Resources */ = {isa = PBXBuildFile; fileRef = E14948D21D35684500BB8FB2 /* GoogleService-Info.plist */; };
		E14948D51D356AFA00BB8FB2 /* LoginViewController.swift in Sources */ = {isa = PBXBuildFile; fileRef = E14948D41D356AFA00BB8FB2 /* LoginViewController.swift */; };
		E14948D71D356B1E00BB8FB2 /* SignUpViewController.swift in Sources */ = {isa = PBXBuildFile; fileRef = E14948D61D356B1E00BB8FB2 /* SignUpViewController.swift */; };
		E14948D91D356B3C00BB8FB2 /* DAO.swift in Sources */ = {isa = PBXBuildFile; fileRef = E14948D81D356B3C00BB8FB2 /* DAO.swift */; };
		E1BD0CB91D3D463400EC26BA /* ObjetivosViewController.swift in Sources */ = {isa = PBXBuildFile; fileRef = E1BD0CB81D3D463400EC26BA /* ObjetivosViewController.swift */; };
		E1BD0CBB1D3D48C300EC26BA /* ConfigViewController.swift in Sources */ = {isa = PBXBuildFile; fileRef = E1BD0CBA1D3D48C300EC26BA /* ConfigViewController.swift */; };
/* End PBXBuildFile section */

/* Begin PBXFileReference section */
		007A7E7652F5C10253E2FBED /* Pods_ChallengeHealth.framework */ = {isa = PBXFileReference; explicitFileType = wrapper.framework; includeInIndex = 0; path = Pods_ChallengeHealth.framework; sourceTree = BUILT_PRODUCTS_DIR; };
		28BB55857FF9BEA5F2C9F59E /* Pods-ChallengeHealth.debug.xcconfig */ = {isa = PBXFileReference; includeInIndex = 1; lastKnownFileType = text.xcconfig; name = "Pods-ChallengeHealth.debug.xcconfig"; path = "Pods/Target Support Files/Pods-ChallengeHealth/Pods-ChallengeHealth.debug.xcconfig"; sourceTree = "<group>"; };
		B9EFA970596509DFC9D39CF7 /* Pods-ChallengeHealth.release.xcconfig */ = {isa = PBXFileReference; includeInIndex = 1; lastKnownFileType = text.xcconfig; name = "Pods-ChallengeHealth.release.xcconfig"; path = "Pods/Target Support Files/Pods-ChallengeHealth/Pods-ChallengeHealth.release.xcconfig"; sourceTree = "<group>"; };
		E14948BB1D35680D00BB8FB2 /* ChallengeHealth.app */ = {isa = PBXFileReference; explicitFileType = wrapper.application; includeInIndex = 0; path = ChallengeHealth.app; sourceTree = BUILT_PRODUCTS_DIR; };
		E14948BE1D35680E00BB8FB2 /* AppDelegate.swift */ = {isa = PBXFileReference; lastKnownFileType = sourcecode.swift; path = AppDelegate.swift; sourceTree = "<group>"; };
		E14948C31D35680E00BB8FB2 /* Base */ = {isa = PBXFileReference; lastKnownFileType = file.storyboard; name = Base; path = Base.lproj/Main.storyboard; sourceTree = "<group>"; };
		E14948C51D35680E00BB8FB2 /* Assets.xcassets */ = {isa = PBXFileReference; lastKnownFileType = folder.assetcatalog; path = Assets.xcassets; sourceTree = "<group>"; };
		E14948C81D35680E00BB8FB2 /* Base */ = {isa = PBXFileReference; lastKnownFileType = file.storyboard; name = Base; path = Base.lproj/LaunchScreen.storyboard; sourceTree = "<group>"; };
		E14948CA1D35680E00BB8FB2 /* Info.plist */ = {isa = PBXFileReference; lastKnownFileType = text.plist.xml; path = Info.plist; sourceTree = "<group>"; };
		E14948D21D35684500BB8FB2 /* GoogleService-Info.plist */ = {isa = PBXFileReference; fileEncoding = 4; lastKnownFileType = text.plist.xml; path = "GoogleService-Info.plist"; sourceTree = "<group>"; };
		E14948D41D356AFA00BB8FB2 /* LoginViewController.swift */ = {isa = PBXFileReference; fileEncoding = 4; lastKnownFileType = sourcecode.swift; path = LoginViewController.swift; sourceTree = "<group>"; };
		E14948D61D356B1E00BB8FB2 /* SignUpViewController.swift */ = {isa = PBXFileReference; fileEncoding = 4; lastKnownFileType = sourcecode.swift; path = SignUpViewController.swift; sourceTree = "<group>"; };
		E14948D81D356B3C00BB8FB2 /* DAO.swift */ = {isa = PBXFileReference; fileEncoding = 4; lastKnownFileType = sourcecode.swift; path = DAO.swift; sourceTree = "<group>"; };
		E1BD0CB81D3D463400EC26BA /* ObjetivosViewController.swift */ = {isa = PBXFileReference; fileEncoding = 4; lastKnownFileType = sourcecode.swift; path = ObjetivosViewController.swift; sourceTree = "<group>"; };
		E1BD0CBA1D3D48C300EC26BA /* ConfigViewController.swift */ = {isa = PBXFileReference; fileEncoding = 4; lastKnownFileType = sourcecode.swift; path = ConfigViewController.swift; sourceTree = "<group>"; };
/* End PBXFileReference section */

/* Begin PBXFrameworksBuildPhase section */
		E14948B81D35680D00BB8FB2 /* Frameworks */ = {
			isa = PBXFrameworksBuildPhase;
			buildActionMask = 2147483647;
			files = (
				A7D27DD2CE4F11ABD87D5D64 /* Pods_ChallengeHealth.framework in Frameworks */,
			);
			runOnlyForDeploymentPostprocessing = 0;
		};
/* End PBXFrameworksBuildPhase section */

/* Begin PBXGroup section */
		8891A6AFDC4F8CE0A11D9C78 /* Frameworks */ = {
			isa = PBXGroup;
			children = (
				007A7E7652F5C10253E2FBED /* Pods_ChallengeHealth.framework */,
			);
			name = Frameworks;
			sourceTree = "<group>";
		};
		E14948B21D35680D00BB8FB2 = {
			isa = PBXGroup;
			children = (
				E14948BD1D35680E00BB8FB2 /* ChallengeHealth */,
				E14948BC1D35680D00BB8FB2 /* Products */,
				F09B35C105542325BE187980 /* Pods */,
				8891A6AFDC4F8CE0A11D9C78 /* Frameworks */,
			);
			sourceTree = "<group>";
		};
		E14948BC1D35680D00BB8FB2 /* Products */ = {
			isa = PBXGroup;
			children = (
				E14948BB1D35680D00BB8FB2 /* ChallengeHealth.app */,
			);
			name = Products;
			sourceTree = "<group>";
		};
		E14948BD1D35680E00BB8FB2 /* ChallengeHealth */ = {
			isa = PBXGroup;
			children = (
				E14948BE1D35680E00BB8FB2 /* AppDelegate.swift */,
				E14948D81D356B3C00BB8FB2 /* DAO.swift */,
				E14948D41D356AFA00BB8FB2 /* LoginViewController.swift */,
				E14948D61D356B1E00BB8FB2 /* SignUpViewController.swift */,
				E1BD0CB81D3D463400EC26BA /* ObjetivosViewController.swift */,
				E1BD0CBA1D3D48C300EC26BA /* ConfigViewController.swift */,
				E14948D21D35684500BB8FB2 /* GoogleService-Info.plist */,
				E14948C21D35680E00BB8FB2 /* Main.storyboard */,
				E14948C51D35680E00BB8FB2 /* Assets.xcassets */,
				E14948C71D35680E00BB8FB2 /* LaunchScreen.storyboard */,
				E14948CA1D35680E00BB8FB2 /* Info.plist */,
			);
			path = ChallengeHealth;
			sourceTree = "<group>";
		};
		F09B35C105542325BE187980 /* Pods */ = {
			isa = PBXGroup;
			children = (
				28BB55857FF9BEA5F2C9F59E /* Pods-ChallengeHealth.debug.xcconfig */,
				B9EFA970596509DFC9D39CF7 /* Pods-ChallengeHealth.release.xcconfig */,
			);
			name = Pods;
			sourceTree = "<group>";
		};
/* End PBXGroup section */

/* Begin PBXNativeTarget section */
		E14948BA1D35680D00BB8FB2 /* ChallengeHealth */ = {
			isa = PBXNativeTarget;
			buildConfigurationList = E14948CD1D35680E00BB8FB2 /* Build configuration list for PBXNativeTarget "ChallengeHealth" */;
			buildPhases = (
				0FC09C221BE75A791AB8BF5D /* [CP] Check Pods Manifest.lock */,
				E14948B71D35680D00BB8FB2 /* Sources */,
				E14948B81D35680D00BB8FB2 /* Frameworks */,
				E14948B91D35680D00BB8FB2 /* Resources */,
				F94C38FEA94957B24BCDDDDF /* [CP] Embed Pods Frameworks */,
				B4C2B1A8D97CD075B8243E44 /* [CP] Copy Pods Resources */,
			);
			buildRules = (
			);
			dependencies = (
			);
			name = ChallengeHealth;
			productName = ChallengeHealth;
			productReference = E14948BB1D35680D00BB8FB2 /* ChallengeHealth.app */;
			productType = "com.apple.product-type.application";
		};
/* End PBXNativeTarget section */

/* Begin PBXProject section */
		E14948B31D35680D00BB8FB2 /* Project object */ = {
			isa = PBXProject;
			attributes = {
				LastSwiftUpdateCheck = 0730;
				LastUpgradeCheck = 0730;
				ORGANIZATIONNAME = "Brenda Carrocino";
				TargetAttributes = {
					E14948BA1D35680D00BB8FB2 = {
						CreatedOnToolsVersion = 7.3;
					};
				};
			};
			buildConfigurationList = E14948B61D35680D00BB8FB2 /* Build configuration list for PBXProject "ChallengeHealth" */;
			compatibilityVersion = "Xcode 3.2";
			developmentRegion = English;
			hasScannedForEncodings = 0;
			knownRegions = (
				en,
				Base,
			);
			mainGroup = E14948B21D35680D00BB8FB2;
			productRefGroup = E14948BC1D35680D00BB8FB2 /* Products */;
			projectDirPath = "";
			projectRoot = "";
			targets = (
				E14948BA1D35680D00BB8FB2 /* ChallengeHealth */,
			);
		};
/* End PBXProject section */

/* Begin PBXResourcesBuildPhase section */
		E14948B91D35680D00BB8FB2 /* Resources */ = {
			isa = PBXResourcesBuildPhase;
			buildActionMask = 2147483647;
			files = (
				E14948C91D35680E00BB8FB2 /* LaunchScreen.storyboard in Resources */,
				E14948C61D35680E00BB8FB2 /* Assets.xcassets in Resources */,
				E14948C41D35680E00BB8FB2 /* Main.storyboard in Resources */,
				E14948D31D35684500BB8FB2 /* GoogleService-Info.plist in Resources */,
			);
			runOnlyForDeploymentPostprocessing = 0;
		};
/* End PBXResourcesBuildPhase section */

/* Begin PBXShellScriptBuildPhase section */
		0FC09C221BE75A791AB8BF5D /* [CP] Check Pods Manifest.lock */ = {
			isa = PBXShellScriptBuildPhase;
			buildActionMask = 2147483647;
			files = (
			);
			inputPaths = (
			);
			name = "[CP] Check Pods Manifest.lock";
			outputPaths = (
			);
			runOnlyForDeploymentPostprocessing = 0;
			shellPath = /bin/sh;
			shellScript = "diff \"${PODS_ROOT}/../Podfile.lock\" \"${PODS_ROOT}/Manifest.lock\" > /dev/null\nif [[ $? != 0 ]] ; then\n    cat << EOM\nerror: The sandbox is not in sync with the Podfile.lock. Run 'pod install' or update your CocoaPods installation.\nEOM\n    exit 1\nfi\n";
			showEnvVarsInLog = 0;
		};
		B4C2B1A8D97CD075B8243E44 /* [CP] Copy Pods Resources */ = {
			isa = PBXShellScriptBuildPhase;
			buildActionMask = 2147483647;
			files = (
			);
			inputPaths = (
			);
			name = "[CP] Copy Pods Resources";
			outputPaths = (
			);
			runOnlyForDeploymentPostprocessing = 0;
			shellPath = /bin/sh;
			shellScript = "\"${SRCROOT}/Pods/Target Support Files/Pods-ChallengeHealth/Pods-ChallengeHealth-resources.sh\"\n";
			showEnvVarsInLog = 0;
		};
		F94C38FEA94957B24BCDDDDF /* [CP] Embed Pods Frameworks */ = {
			isa = PBXShellScriptBuildPhase;
			buildActionMask = 2147483647;
			files = (
			);
			inputPaths = (
			);
			name = "[CP] Embed Pods Frameworks";
			outputPaths = (
			);
			runOnlyForDeploymentPostprocessing = 0;
			shellPath = /bin/sh;
			shellScript = "\"${SRCROOT}/Pods/Target Support Files/Pods-ChallengeHealth/Pods-ChallengeHealth-frameworks.sh\"\n";
			showEnvVarsInLog = 0;
		};
/* End PBXShellScriptBuildPhase section */

/* Begin PBXSourcesBuildPhase section */
		E14948B71D35680D00BB8FB2 /* Sources */ = {
			isa = PBXSourcesBuildPhase;
			buildActionMask = 2147483647;
			files = (
				E1BD0CB91D3D463400EC26BA /* ObjetivosViewController.swift in Sources */,
				E14948D51D356AFA00BB8FB2 /* LoginViewController.swift in Sources */,
				E1BD0CBB1D3D48C300EC26BA /* ConfigViewController.swift in Sources */,
				E14948D71D356B1E00BB8FB2 /* SignUpViewController.swift in Sources */,
				E14948BF1D35680E00BB8FB2 /* AppDelegate.swift in Sources */,
				E14948D91D356B3C00BB8FB2 /* DAO.swift in Sources */,
			);
			runOnlyForDeploymentPostprocessing = 0;
		};
/* End PBXSourcesBuildPhase section */

/* Begin PBXVariantGroup section */
		E14948C21D35680E00BB8FB2 /* Main.storyboard */ = {
			isa = PBXVariantGroup;
			children = (
				E14948C31D35680E00BB8FB2 /* Base */,
			);
			name = Main.storyboard;
			sourceTree = "<group>";
		};
		E14948C71D35680E00BB8FB2 /* LaunchScreen.storyboard */ = {
			isa = PBXVariantGroup;
			children = (
				E14948C81D35680E00BB8FB2 /* Base */,
			);
			name = LaunchScreen.storyboard;
			sourceTree = "<group>";
		};
/* End PBXVariantGroup section */

/* Begin XCBuildConfiguration section */
		E14948CB1D35680E00BB8FB2 /* Debug */ = {
			isa = XCBuildConfiguration;
			buildSettings = {
				ALWAYS_SEARCH_USER_PATHS = NO;
				CLANG_ANALYZER_NONNULL = YES;
				CLANG_CXX_LANGUAGE_STANDARD = "gnu++0x";
				CLANG_CXX_LIBRARY = "libc++";
				CLANG_ENABLE_MODULES = YES;
				CLANG_ENABLE_OBJC_ARC = YES;
				CLANG_WARN_BOOL_CONVERSION = YES;
				CLANG_WARN_CONSTANT_CONVERSION = YES;
				CLANG_WARN_DIRECT_OBJC_ISA_USAGE = YES_ERROR;
				CLANG_WARN_EMPTY_BODY = YES;
				CLANG_WARN_ENUM_CONVERSION = YES;
				CLANG_WARN_INT_CONVERSION = YES;
				CLANG_WARN_OBJC_ROOT_CLASS = YES_ERROR;
				CLANG_WARN_UNREACHABLE_CODE = YES;
				CLANG_WARN__DUPLICATE_METHOD_MATCH = YES;
				"CODE_SIGN_IDENTITY[sdk=iphoneos*]" = "iPhone Developer";
				COPY_PHASE_STRIP = NO;
				DEBUG_INFORMATION_FORMAT = dwarf;
				ENABLE_STRICT_OBJC_MSGSEND = YES;
				ENABLE_TESTABILITY = YES;
				GCC_C_LANGUAGE_STANDARD = gnu99;
				GCC_DYNAMIC_NO_PIC = NO;
				GCC_NO_COMMON_BLOCKS = YES;
				GCC_OPTIMIZATION_LEVEL = 0;
				GCC_PREPROCESSOR_DEFINITIONS = (
					"DEBUG=1",
					"$(inherited)",
				);
				GCC_WARN_64_TO_32_BIT_CONVERSION = YES;
				GCC_WARN_ABOUT_RETURN_TYPE = YES_ERROR;
				GCC_WARN_UNDECLARED_SELECTOR = YES;
				GCC_WARN_UNINITIALIZED_AUTOS = YES_AGGRESSIVE;
				GCC_WARN_UNUSED_FUNCTION = YES;
				GCC_WARN_UNUSED_VARIABLE = YES;
				IPHONEOS_DEPLOYMENT_TARGET = 9.3;
				MTL_ENABLE_DEBUG_INFO = YES;
				ONLY_ACTIVE_ARCH = YES;
				SDKROOT = iphoneos;
				SWIFT_OPTIMIZATION_LEVEL = "-Onone";
			};
			name = Debug;
		};
		E14948CC1D35680E00BB8FB2 /* Release */ = {
			isa = XCBuildConfiguration;
			buildSettings = {
				ALWAYS_SEARCH_USER_PATHS = NO;
				CLANG_ANALYZER_NONNULL = YES;
				CLANG_CXX_LANGUAGE_STANDARD = "gnu++0x";
				CLANG_CXX_LIBRARY = "libc++";
				CLANG_ENABLE_MODULES = YES;
				CLANG_ENABLE_OBJC_ARC = YES;
				CLANG_WARN_BOOL_CONVERSION = YES;
				CLANG_WARN_CONSTANT_CONVERSION = YES;
				CLANG_WARN_DIRECT_OBJC_ISA_USAGE = YES_ERROR;
				CLANG_WARN_EMPTY_BODY = YES;
				CLANG_WARN_ENUM_CONVERSION = YES;
				CLANG_WARN_INT_CONVERSION = YES;
				CLANG_WARN_OBJC_ROOT_CLASS = YES_ERROR;
				CLANG_WARN_UNREACHABLE_CODE = YES;
				CLANG_WARN__DUPLICATE_METHOD_MATCH = YES;
				"CODE_SIGN_IDENTITY[sdk=iphoneos*]" = "iPhone Developer";
				COPY_PHASE_STRIP = NO;
				DEBUG_INFORMATION_FORMAT = "dwarf-with-dsym";
				ENABLE_NS_ASSERTIONS = NO;
				ENABLE_STRICT_OBJC_MSGSEND = YES;
				GCC_C_LANGUAGE_STANDARD = gnu99;
				GCC_NO_COMMON_BLOCKS = YES;
				GCC_WARN_64_TO_32_BIT_CONVERSION = YES;
				GCC_WARN_ABOUT_RETURN_TYPE = YES_ERROR;
				GCC_WARN_UNDECLARED_SELECTOR = YES;
				GCC_WARN_UNINITIALIZED_AUTOS = YES_AGGRESSIVE;
				GCC_WARN_UNUSED_FUNCTION = YES;
				GCC_WARN_UNUSED_VARIABLE = YES;
				IPHONEOS_DEPLOYMENT_TARGET = 9.3;
				MTL_ENABLE_DEBUG_INFO = NO;
				SDKROOT = iphoneos;
				VALIDATE_PRODUCT = YES;
			};
			name = Release;
		};
		E14948CE1D35680E00BB8FB2 /* Debug */ = {
			isa = XCBuildConfiguration;
			baseConfigurationReference = 28BB55857FF9BEA5F2C9F59E /* Pods-ChallengeHealth.debug.xcconfig */;
			buildSettings = {
				ASSETCATALOG_COMPILER_APPICON_NAME = AppIcon;
				INFOPLIST_FILE = ChallengeHealth/Info.plist;
				LD_RUNPATH_SEARCH_PATHS = "$(inherited) @executable_path/Frameworks";
				PRODUCT_BUNDLE_IDENTIFIER = BEPiD.ChallengeHealth;
				PRODUCT_NAME = "$(TARGET_NAME)";
			};
			name = Debug;
		};
		E14948CF1D35680E00BB8FB2 /* Release */ = {
			isa = XCBuildConfiguration;
			baseConfigurationReference = B9EFA970596509DFC9D39CF7 /* Pods-ChallengeHealth.release.xcconfig */;
			buildSettings = {
				ASSETCATALOG_COMPILER_APPICON_NAME = AppIcon;
				INFOPLIST_FILE = ChallengeHealth/Info.plist;
				LD_RUNPATH_SEARCH_PATHS = "$(inherited) @executable_path/Frameworks";
				PRODUCT_BUNDLE_IDENTIFIER = BEPiD.ChallengeHealth;
				PRODUCT_NAME = "$(TARGET_NAME)";
			};
			name = Release;
		};
/* End XCBuildConfiguration section */

/* Begin XCConfigurationList section */
		E14948B61D35680D00BB8FB2 /* Build configuration list for PBXProject "ChallengeHealth" */ = {
			isa = XCConfigurationList;
			buildConfigurations = (
				E14948CB1D35680E00BB8FB2 /* Debug */,
				E14948CC1D35680E00BB8FB2 /* Release */,
			);
			defaultConfigurationIsVisible = 0;
			defaultConfigurationName = Release;
		};
		E14948CD1D35680E00BB8FB2 /* Build configuration list for PBXNativeTarget "ChallengeHealth" */ = {
			isa = XCConfigurationList;
			buildConfigurations = (
				E14948CE1D35680E00BB8FB2 /* Debug */,
				E14948CF1D35680E00BB8FB2 /* Release */,
			);
			defaultConfigurationIsVisible = 0;
			defaultConfigurationName = Release;
		};
/* End XCConfigurationList section */
	};
	rootObject = E14948B31D35680D00BB8FB2 /* Project object */;
}
